
Microsoft Visual Studio Solution File, Format Version 12.00
# Visual Studio Version 17
VisualStudioVersion = 17.7.34202.233
MinimumVisualStudioVersion = 10.0.40219.1
Project("{8BC9CEB8-8B4A-11D0-8D11-00A0C91BC942}") = "practice_lab2-3", "practice_lab2-3\practice_lab2-3.vcxproj", "{4707088D-FC20-4BF8-A913-16AB95660DB6}"
EndProject
Global
	GlobalSection(SolutionConfigurationPlatforms) = preSolution
		Debug|x64 = Debug|x64
		Debug|x86 = Debug|x86
		Release|x64 = Release|x64
		Release|x86 = Release|x86
	EndGlobalSection
	GlobalSection(ProjectConfigurationPlatforms) = postSolution
		{4707088D-FC20-4BF8-A913-16AB95660DB6}.Debug|x64.ActiveCfg = Debug|x64
		{4707088D-FC20-4BF8-A913-16AB95660DB6}.Debug|x64.Build.0 = Debug|x64
		{4707088D-FC20-4BF8-A913-16AB95660DB6}.Debug|x86.ActiveCfg = Debug|Win32
		{4707088D-FC20-4BF8-A913-16AB95660DB6}.Debug|x86.Build.0 = Debug|Win32
		{4707088D-FC20-4BF8-A913-16AB95660DB6}.Release|x64.ActiveCfg = Release|x64
		{4707088D-FC20-4BF8-A913-16AB95660DB6}.Release|x64.Build.0 = Release|x64
		{4707088D-FC20-4BF8-A913-16AB95660DB6}.Release|x86.ActiveCfg = Release|Win32
		{4707088D-FC20-4BF8-A913-16AB95660DB6}.Release|x86.Build.0 = Release|Win32
	EndGlobalSection
	GlobalSection(SolutionProperties) = preSolution
		HideSolutionNode = FALSE
	EndGlobalSection
	GlobalSection(ExtensibilityGlobals) = postSolution
		SolutionGuid = {F0ED7EDC-646F-4AEC-9266-FCBD8C52A479}
	EndGlobalSection
EndGlobal
